// !$*UTF8*$!
{
	archiveVersion = 1;
	classes = {
	};
	objectVersion = 46;
	objects = {

/* Begin PBXBuildFile section */
		13A3E4C83E362A85D5E8D9C8 /* Pods_Wikileaf.framework in Frameworks */ = {isa = PBXBuildFile; fileRef = 4A27DE4F8BA96C8D99F9DAFC /* Pods_Wikileaf.framework */; };
		EE1AA18D1F4993B600B960E6 /* RatingListViewController.swift in Sources */ = {isa = PBXBuildFile; fileRef = EE1AA18C1F4993B600B960E6 /* RatingListViewController.swift */; };
		EE1AA18F1F4A3E6A00B960E6 /* RatingOverviewCell.swift in Sources */ = {isa = PBXBuildFile; fileRef = EE1AA18E1F4A3E6A00B960E6 /* RatingOverviewCell.swift */; };
		EE1AA1911F4A85BB00B960E6 /* RatingsRootViewController.swift in Sources */ = {isa = PBXBuildFile; fileRef = EE1AA1901F4A85BB00B960E6 /* RatingsRootViewController.swift */; };
		EE25385B1F6061D2004DF6F5 /* WriteReviewCell.swift in Sources */ = {isa = PBXBuildFile; fileRef = EE25385A1F6061D2004DF6F5 /* WriteReviewCell.swift */; };
		EE25385D1F60628F004DF6F5 /* ClsOperation.swift in Sources */ = {isa = PBXBuildFile; fileRef = EE25385C1F60628F004DF6F5 /* ClsOperation.swift */; };
		EE3F74DF1F30183F009AFE4A /* OpenSans-Bold.ttf in Resources */ = {isa = PBXBuildFile; fileRef = EE3F74D51F30183F009AFE4A /* OpenSans-Bold.ttf */; };
		EE3F74E01F30183F009AFE4A /* OpenSans-BoldItalic.ttf in Resources */ = {isa = PBXBuildFile; fileRef = EE3F74D61F30183F009AFE4A /* OpenSans-BoldItalic.ttf */; };
		EE3F74E11F30183F009AFE4A /* OpenSans-ExtraBold.ttf in Resources */ = {isa = PBXBuildFile; fileRef = EE3F74D71F30183F009AFE4A /* OpenSans-ExtraBold.ttf */; };
		EE3F74E21F30183F009AFE4A /* OpenSans-ExtraBoldItalic.ttf in Resources */ = {isa = PBXBuildFile; fileRef = EE3F74D81F30183F009AFE4A /* OpenSans-ExtraBoldItalic.ttf */; };
		EE3F74E31F30183F009AFE4A /* OpenSans-Italic.ttf in Resources */ = {isa = PBXBuildFile; fileRef = EE3F74D91F30183F009AFE4A /* OpenSans-Italic.ttf */; };
		EE3F74E41F30183F009AFE4A /* OpenSans-Light.ttf in Resources */ = {isa = PBXBuildFile; fileRef = EE3F74DA1F30183F009AFE4A /* OpenSans-Light.ttf */; };
		EE3F74E51F30183F009AFE4A /* OpenSans-LightItalic.ttf in Resources */ = {isa = PBXBuildFile; fileRef = EE3F74DB1F30183F009AFE4A /* OpenSans-LightItalic.ttf */; };
		EE3F74E61F30183F009AFE4A /* OpenSans-Regular.ttf in Resources */ = {isa = PBXBuildFile; fileRef = EE3F74DC1F30183F009AFE4A /* OpenSans-Regular.ttf */; };
		EE3F74E71F30183F009AFE4A /* OpenSans-SemiBold.ttf in Resources */ = {isa = PBXBuildFile; fileRef = EE3F74DD1F30183F009AFE4A /* OpenSans-SemiBold.ttf */; };
		EE3F74E81F30183F009AFE4A /* OpenSans-SemiBoldItalic.ttf in Resources */ = {isa = PBXBuildFile; fileRef = EE3F74DE1F30183F009AFE4A /* OpenSans-SemiBoldItalic.ttf */; };
		EE56B4791F4F9A78006E1B83 /* DealsViewController.swift in Sources */ = {isa = PBXBuildFile; fileRef = EE56B4781F4F9A78006E1B83 /* DealsViewController.swift */; };
		EE56B4801F4FC5C9006E1B83 /* ClsOfferSection.swift in Sources */ = {isa = PBXBuildFile; fileRef = EE56B47F1F4FC5C9006E1B83 /* ClsOfferSection.swift */; };
		EE56B4821F4FCC4B006E1B83 /* UIView+Extensions.swift in Sources */ = {isa = PBXBuildFile; fileRef = EE56B4811F4FCC4B006E1B83 /* UIView+Extensions.swift */; };
		EE56B4841F4FDDAE006E1B83 /* PhotoGalleryViewController.swift in Sources */ = {isa = PBXBuildFile; fileRef = EE56B4831F4FDDAE006E1B83 /* PhotoGalleryViewController.swift */; };
		EE56B4861F4FDE1F006E1B83 /* ClsPhoto.swift in Sources */ = {isa = PBXBuildFile; fileRef = EE56B4851F4FDE1F006E1B83 /* ClsPhoto.swift */; };
		EE56B4881F4FDEB8006E1B83 /* PhotoGalleryCell.swift in Sources */ = {isa = PBXBuildFile; fileRef = EE56B4871F4FDEB8006E1B83 /* PhotoGalleryCell.swift */; };
		EE56B48A1F4FE772006E1B83 /* AboutViewController.swift in Sources */ = {isa = PBXBuildFile; fileRef = EE56B4891F4FE772006E1B83 /* AboutViewController.swift */; };
		EE5E2BA71F8C61EE00C81740 /* DispensaryDetailViewController.swift in Sources */ = {isa = PBXBuildFile; fileRef = EE5E2BA61F8C61EE00C81740 /* DispensaryDetailViewController.swift */; };
		EE5E2BAC1F8C634C00C81740 /* ClsMenu.swift in Sources */ = {isa = PBXBuildFile; fileRef = EE5E2BAB1F8C634C00C81740 /* ClsMenu.swift */; };
		EE5E2BAE1F8C6B6100C81740 /* DispensaryDetailHeaderViewNew.swift in Sources */ = {isa = PBXBuildFile; fileRef = EE5E2BAD1F8C6B6100C81740 /* DispensaryDetailHeaderViewNew.swift */; };
		EE5E2BB01F8C6B7300C81740 /* DispensaryDetailHeaderViewNew.xib in Resources */ = {isa = PBXBuildFile; fileRef = EE5E2BAF1F8C6B7300C81740 /* DispensaryDetailHeaderViewNew.xib */; };
		EE731E7B1F560DC9005019D8 /* DispensaryDetailView.swift in Sources */ = {isa = PBXBuildFile; fileRef = EE731E7A1F560DC9005019D8 /* DispensaryDetailView.swift */; };
		EE731E7D1F560DD5005019D8 /* DispensaryDetailView.xib in Resources */ = {isa = PBXBuildFile; fileRef = EE731E7C1F560DD5005019D8 /* DispensaryDetailView.xib */; };
		EE804DCA1F401F5700F987CC /* DispensaryDetailHeaderView.swift in Sources */ = {isa = PBXBuildFile; fileRef = EE804DC81F401F5700F987CC /* DispensaryDetailHeaderView.swift */; };
		EE804DCB1F401F5700F987CC /* DispensaryDetailHeaderView.xib in Resources */ = {isa = PBXBuildFile; fileRef = EE804DC91F401F5700F987CC /* DispensaryDetailHeaderView.xib */; };
		EE804DD51F40200400F987CC /* DetailAttributeTableViewCell.swift in Sources */ = {isa = PBXBuildFile; fileRef = EE804DCE1F40200400F987CC /* DetailAttributeTableViewCell.swift */; };
		EE804DD61F40200400F987CC /* DetailDescriptionCell.swift in Sources */ = {isa = PBXBuildFile; fileRef = EE804DCF1F40200400F987CC /* DetailDescriptionCell.swift */; };
		EE804DD71F40200400F987CC /* DetailOfferCell.swift in Sources */ = {isa = PBXBuildFile; fileRef = EE804DD01F40200400F987CC /* DetailOfferCell.swift */; };
		EE804DD81F40200400F987CC /* DetailReviewCell.swift in Sources */ = {isa = PBXBuildFile; fileRef = EE804DD11F40200400F987CC /* DetailReviewCell.swift */; };
		EE804DD91F40200400F987CC /* DetailTitleCell.swift in Sources */ = {isa = PBXBuildFile; fileRef = EE804DD21F40200400F987CC /* DetailTitleCell.swift */; };
		EE804DDA1F40200400F987CC /* DispensaryDetailPhotoCell.swift in Sources */ = {isa = PBXBuildFile; fileRef = EE804DD31F40200400F987CC /* DispensaryDetailPhotoCell.swift */; };
		EE804DDB1F40200400F987CC /* DispensaryMenuCell.swift in Sources */ = {isa = PBXBuildFile; fileRef = EE804DD41F40200400F987CC /* DispensaryMenuCell.swift */; };
		EE804DDE1F40203500F987CC /* DrawerDetailCell.swift in Sources */ = {isa = PBXBuildFile; fileRef = EE804DDD1F40203500F987CC /* DrawerDetailCell.swift */; };
		EE804DE31F40205500F987CC /* DispensaryMenuController.swift in Sources */ = {isa = PBXBuildFile; fileRef = EE804DE01F40205500F987CC /* DispensaryMenuController.swift */; };
		EE804DE41F40205500F987CC /* ViewController.swift in Sources */ = {isa = PBXBuildFile; fileRef = EE804DE11F40205500F987CC /* ViewController.swift */; };
		EE804DEE1F40209C00F987CC /* ClsAbout.swift in Sources */ = {isa = PBXBuildFile; fileRef = EE804DE51F40209C00F987CC /* ClsAbout.swift */; };
		EE804DEF1F40209C00F987CC /* ClsDetail.swift in Sources */ = {isa = PBXBuildFile; fileRef = EE804DE61F40209C00F987CC /* ClsDetail.swift */; };
		EE804DF01F40209C00F987CC /* ClsDispensaryDetailAttribute.swift in Sources */ = {isa = PBXBuildFile; fileRef = EE804DE71F40209C00F987CC /* ClsDispensaryDetailAttribute.swift */; };
		EE804DF11F40209C00F987CC /* ClsDispensaryItem.swift in Sources */ = {isa = PBXBuildFile; fileRef = EE804DE81F40209C00F987CC /* ClsDispensaryItem.swift */; };
		EE804DF21F40209C00F987CC /* ClsDispensaryMenu.swift in Sources */ = {isa = PBXBuildFile; fileRef = EE804DE91F40209C00F987CC /* ClsDispensaryMenu.swift */; };
		EE804DF31F40209C00F987CC /* ClsHours.swift in Sources */ = {isa = PBXBuildFile; fileRef = EE804DEA1F40209C00F987CC /* ClsHours.swift */; };
		EE804DF41F40209C00F987CC /* ClsOffer.swift in Sources */ = {isa = PBXBuildFile; fileRef = EE804DEB1F40209C00F987CC /* ClsOffer.swift */; };
		EE804DF51F40209C00F987CC /* ClsPhotoDetails.swift in Sources */ = {isa = PBXBuildFile; fileRef = EE804DEC1F40209C00F987CC /* ClsPhotoDetails.swift */; };
		EE804DF61F40209C00F987CC /* ClsReview.swift in Sources */ = {isa = PBXBuildFile; fileRef = EE804DED1F40209C00F987CC /* ClsReview.swift */; };
		EE804E021F40210200F987CC /* PlaceAnnotationView.swift in Sources */ = {isa = PBXBuildFile; fileRef = EE804DFE1F40210200F987CC /* PlaceAnnotationView.swift */; };
		EE804E031F40210200F987CC /* PlaceAnnotationView.xib in Resources */ = {isa = PBXBuildFile; fileRef = EE804DFF1F40210200F987CC /* PlaceAnnotationView.xib */; };
		EE804E041F40210200F987CC /* HDDrawerView.swift in Sources */ = {isa = PBXBuildFile; fileRef = EE804E011F40210200F987CC /* HDDrawerView.swift */; };
		EE8277111F23868F006CB38E /* AppDelegate.swift in Sources */ = {isa = PBXBuildFile; fileRef = EE8277101F23868F006CB38E /* AppDelegate.swift */; };
		EE8277161F23868F006CB38E /* Main.storyboard in Resources */ = {isa = PBXBuildFile; fileRef = EE8277141F23868F006CB38E /* Main.storyboard */; };
		EE8277181F23868F006CB38E /* Assets.xcassets in Resources */ = {isa = PBXBuildFile; fileRef = EE8277171F23868F006CB38E /* Assets.xcassets */; };
		EE82771B1F23868F006CB38E /* LaunchScreen.storyboard in Resources */ = {isa = PBXBuildFile; fileRef = EE8277191F23868F006CB38E /* LaunchScreen.storyboard */; };
		EE8277261F23868F006CB38E /* WikileafTests.swift in Sources */ = {isa = PBXBuildFile; fileRef = EE8277251F23868F006CB38E /* WikileafTests.swift */; };
		EE8277311F23868F006CB38E /* WikileafUITests.swift in Sources */ = {isa = PBXBuildFile; fileRef = EE8277301F23868F006CB38E /* WikileafUITests.swift */; };
		EE8277471F291441006CB38E /* MapKit.framework in Frameworks */ = {isa = PBXBuildFile; fileRef = EE8277461F291441006CB38E /* MapKit.framework */; };
		EE8FFC891F5620CD00EF7578 /* DispensaryListViewController.swift in Sources */ = {isa = PBXBuildFile; fileRef = EE8FFC881F5620CD00EF7578 /* DispensaryListViewController.swift */; };
		EE8FFC8B1F5634C900EF7578 /* GlobalSearchViewController.swift in Sources */ = {isa = PBXBuildFile; fileRef = EE8FFC8A1F5634C900EF7578 /* GlobalSearchViewController.swift */; };
		EE8FFC8D1F57B10400EF7578 /* StrainDeatilViewController.swift in Sources */ = {isa = PBXBuildFile; fileRef = EE8FFC8C1F57B10400EF7578 /* StrainDeatilViewController.swift */; };
		EE8FFC8F1F57B4A700EF7578 /* StrainDetailHeaderView.swift in Sources */ = {isa = PBXBuildFile; fileRef = EE8FFC8E1F57B4A700EF7578 /* StrainDetailHeaderView.swift */; };
		EE8FFC911F57B4B800EF7578 /* StrainDetailHeaderView.xib in Resources */ = {isa = PBXBuildFile; fileRef = EE8FFC901F57B4B800EF7578 /* StrainDetailHeaderView.xib */; };
		EE8FFC931F57BB6A00EF7578 /* StrainGraphView.xib in Resources */ = {isa = PBXBuildFile; fileRef = EE8FFC921F57BB6A00EF7578 /* StrainGraphView.xib */; };
		EE8FFC951F57BB7500EF7578 /* StrainGraphView.swift in Sources */ = {isa = PBXBuildFile; fileRef = EE8FFC941F57BB7500EF7578 /* StrainGraphView.swift */; };
		EE8FFC971F57C95500EF7578 /* StrainGraphCell.swift in Sources */ = {isa = PBXBuildFile; fileRef = EE8FFC961F57C95500EF7578 /* StrainGraphCell.swift */; };
		EE92F98A1F47DF5000ABAAAF /* DrawerViewController.swift in Sources */ = {isa = PBXBuildFile; fileRef = EE92F9891F47DF5000ABAAAF /* DrawerViewController.swift */; };
		EE92F98E1F47EA4500ABAAAF /* DispensaryMenuHeaderView.swift in Sources */ = {isa = PBXBuildFile; fileRef = EE92F98C1F47EA4500ABAAAF /* DispensaryMenuHeaderView.swift */; };
		EE92F98F1F47EA4500ABAAAF /* DispensaryMenuHeaderView.xib in Resources */ = {isa = PBXBuildFile; fileRef = EE92F98D1F47EA4500ABAAAF /* DispensaryMenuHeaderView.xib */; };
		EE9D4DFB1F89D06400EF207C /* DispensaryDetailView1.storyboard in Resources */ = {isa = PBXBuildFile; fileRef = EE9D4DFA1F89D06400EF207C /* DispensaryDetailView1.storyboard */; };
		EE9D4DFD1F89D7BD00EF207C /* DispensaryDetailView.storyboard in Resources */ = {isa = PBXBuildFile; fileRef = EE9D4DFC1F89D7BD00EF207C /* DispensaryDetailView.storyboard */; };
		EEDE50A61F5913CB009088A6 /* StrainCommonUsageCell.swift in Sources */ = {isa = PBXBuildFile; fileRef = EEDE50A51F5913CB009088A6 /* StrainCommonUsageCell.swift */; };
		EEDE50A81F591607009088A6 /* ClsStrainUsage.swift in Sources */ = {isa = PBXBuildFile; fileRef = EEDE50A71F591607009088A6 /* ClsStrainUsage.swift */; };
/* End PBXBuildFile section */

/* Begin PBXContainerItemProxy section */
		EE8277221F23868F006CB38E /* PBXContainerItemProxy */ = {
			isa = PBXContainerItemProxy;
			containerPortal = EE8277051F23868F006CB38E /* Project object */;
			proxyType = 1;
			remoteGlobalIDString = EE82770C1F23868F006CB38E;
			remoteInfo = Wikileaf;
		};
		EE82772D1F23868F006CB38E /* PBXContainerItemProxy */ = {
			isa = PBXContainerItemProxy;
			containerPortal = EE8277051F23868F006CB38E /* Project object */;
			proxyType = 1;
			remoteGlobalIDString = EE82770C1F23868F006CB38E;
			remoteInfo = Wikileaf;
		};
/* End PBXContainerItemProxy section */

/* Begin PBXFileReference section */
		462CE65F133BDA326D9E98EF /* Pods-Wikileaf.release.xcconfig */ = {isa = PBXFileReference; includeInIndex = 1; lastKnownFileType = text.xcconfig; name = "Pods-Wikileaf.release.xcconfig"; path = "Pods/Target Support Files/Pods-Wikileaf/Pods-Wikileaf.release.xcconfig"; sourceTree = "<group>"; };
		4A27DE4F8BA96C8D99F9DAFC /* Pods_Wikileaf.framework */ = {isa = PBXFileReference; explicitFileType = wrapper.framework; includeInIndex = 0; path = Pods_Wikileaf.framework; sourceTree = BUILT_PRODUCTS_DIR; };
		A412D66BF6FF977FC36F1B86 /* Pods-Wikileaf.debug.xcconfig */ = {isa = PBXFileReference; includeInIndex = 1; lastKnownFileType = text.xcconfig; name = "Pods-Wikileaf.debug.xcconfig"; path = "Pods/Target Support Files/Pods-Wikileaf/Pods-Wikileaf.debug.xcconfig"; sourceTree = "<group>"; };
		EE1AA18C1F4993B600B960E6 /* RatingListViewController.swift */ = {isa = PBXFileReference; fileEncoding = 4; lastKnownFileType = sourcecode.swift; path = RatingListViewController.swift; sourceTree = "<group>"; };
		EE1AA18E1F4A3E6A00B960E6 /* RatingOverviewCell.swift */ = {isa = PBXFileReference; fileEncoding = 4; lastKnownFileType = sourcecode.swift; path = RatingOverviewCell.swift; sourceTree = "<group>"; };
		EE1AA1901F4A85BB00B960E6 /* RatingsRootViewController.swift */ = {isa = PBXFileReference; fileEncoding = 4; lastKnownFileType = sourcecode.swift; path = RatingsRootViewController.swift; sourceTree = "<group>"; };
		EE25385A1F6061D2004DF6F5 /* WriteReviewCell.swift */ = {isa = PBXFileReference; fileEncoding = 4; lastKnownFileType = sourcecode.swift; path = WriteReviewCell.swift; sourceTree = "<group>"; };
		EE25385C1F60628F004DF6F5 /* ClsOperation.swift */ = {isa = PBXFileReference; fileEncoding = 4; lastKnownFileType = sourcecode.swift; path = ClsOperation.swift; sourceTree = "<group>"; };
		EE3F74D51F30183F009AFE4A /* OpenSans-Bold.ttf */ = {isa = PBXFileReference; lastKnownFileType = file; path = "OpenSans-Bold.ttf"; sourceTree = "<group>"; };
		EE3F74D61F30183F009AFE4A /* OpenSans-BoldItalic.ttf */ = {isa = PBXFileReference; lastKnownFileType = file; path = "OpenSans-BoldItalic.ttf"; sourceTree = "<group>"; };
		EE3F74D71F30183F009AFE4A /* OpenSans-ExtraBold.ttf */ = {isa = PBXFileReference; lastKnownFileType = file; path = "OpenSans-ExtraBold.ttf"; sourceTree = "<group>"; };
		EE3F74D81F30183F009AFE4A /* OpenSans-ExtraBoldItalic.ttf */ = {isa = PBXFileReference; lastKnownFileType = file; path = "OpenSans-ExtraBoldItalic.ttf"; sourceTree = "<group>"; };
		EE3F74D91F30183F009AFE4A /* OpenSans-Italic.ttf */ = {isa = PBXFileReference; lastKnownFileType = file; path = "OpenSans-Italic.ttf"; sourceTree = "<group>"; };
		EE3F74DA1F30183F009AFE4A /* OpenSans-Light.ttf */ = {isa = PBXFileReference; lastKnownFileType = file; path = "OpenSans-Light.ttf"; sourceTree = "<group>"; };
		EE3F74DB1F30183F009AFE4A /* OpenSans-LightItalic.ttf */ = {isa = PBXFileReference; lastKnownFileType = file; path = "OpenSans-LightItalic.ttf"; sourceTree = "<group>"; };
		EE3F74DC1F30183F009AFE4A /* OpenSans-Regular.ttf */ = {isa = PBXFileReference; lastKnownFileType = file; path = "OpenSans-Regular.ttf"; sourceTree = "<group>"; };
		EE3F74DD1F30183F009AFE4A /* OpenSans-SemiBold.ttf */ = {isa = PBXFileReference; lastKnownFileType = file; path = "OpenSans-SemiBold.ttf"; sourceTree = "<group>"; };
		EE3F74DE1F30183F009AFE4A /* OpenSans-SemiBoldItalic.ttf */ = {isa = PBXFileReference; lastKnownFileType = file; path = "OpenSans-SemiBoldItalic.ttf"; sourceTree = "<group>"; };
		EE56B4781F4F9A78006E1B83 /* DealsViewController.swift */ = {isa = PBXFileReference; fileEncoding = 4; lastKnownFileType = sourcecode.swift; path = DealsViewController.swift; sourceTree = "<group>"; };
		EE56B47F1F4FC5C9006E1B83 /* ClsOfferSection.swift */ = {isa = PBXFileReference; fileEncoding = 4; lastKnownFileType = sourcecode.swift; path = ClsOfferSection.swift; sourceTree = "<group>"; };
		EE56B4811F4FCC4B006E1B83 /* UIView+Extensions.swift */ = {isa = PBXFileReference; fileEncoding = 4; lastKnownFileType = sourcecode.swift; path = "UIView+Extensions.swift"; sourceTree = "<group>"; };
		EE56B4831F4FDDAE006E1B83 /* PhotoGalleryViewController.swift */ = {isa = PBXFileReference; fileEncoding = 4; lastKnownFileType = sourcecode.swift; path = PhotoGalleryViewController.swift; sourceTree = "<group>"; };
		EE56B4851F4FDE1F006E1B83 /* ClsPhoto.swift */ = {isa = PBXFileReference; fileEncoding = 4; lastKnownFileType = sourcecode.swift; path = ClsPhoto.swift; sourceTree = "<group>"; };
		EE56B4871F4FDEB8006E1B83 /* PhotoGalleryCell.swift */ = {isa = PBXFileReference; fileEncoding = 4; lastKnownFileType = sourcecode.swift; path = PhotoGalleryCell.swift; sourceTree = "<group>"; };
		EE56B4891F4FE772006E1B83 /* AboutViewController.swift */ = {isa = PBXFileReference; fileEncoding = 4; lastKnownFileType = sourcecode.swift; path = AboutViewController.swift; sourceTree = "<group>"; };
		EE5E2BA61F8C61EE00C81740 /* DispensaryDetailViewController.swift */ = {isa = PBXFileReference; lastKnownFileType = sourcecode.swift; path = DispensaryDetailViewController.swift; sourceTree = "<group>"; };
		EE5E2BAB1F8C634C00C81740 /* ClsMenu.swift */ = {isa = PBXFileReference; lastKnownFileType = sourcecode.swift; path = ClsMenu.swift; sourceTree = "<group>"; };
		EE5E2BAD1F8C6B6100C81740 /* DispensaryDetailHeaderViewNew.swift */ = {isa = PBXFileReference; lastKnownFileType = sourcecode.swift; path = DispensaryDetailHeaderViewNew.swift; sourceTree = "<group>"; };
		EE5E2BAF1F8C6B7300C81740 /* DispensaryDetailHeaderViewNew.xib */ = {isa = PBXFileReference; lastKnownFileType = file.xib; path = DispensaryDetailHeaderViewNew.xib; sourceTree = "<group>"; };
		EE731E7A1F560DC9005019D8 /* DispensaryDetailView.swift */ = {isa = PBXFileReference; fileEncoding = 4; lastKnownFileType = sourcecode.swift; path = DispensaryDetailView.swift; sourceTree = "<group>"; };
		EE731E7C1F560DD5005019D8 /* DispensaryDetailView.xib */ = {isa = PBXFileReference; fileEncoding = 4; lastKnownFileType = file.xib; path = DispensaryDetailView.xib; sourceTree = "<group>"; };
		EE804DC81F401F5700F987CC /* DispensaryDetailHeaderView.swift */ = {isa = PBXFileReference; fileEncoding = 4; lastKnownFileType = sourcecode.swift; path = DispensaryDetailHeaderView.swift; sourceTree = "<group>"; };
		EE804DC91F401F5700F987CC /* DispensaryDetailHeaderView.xib */ = {isa = PBXFileReference; fileEncoding = 4; lastKnownFileType = file.xib; path = DispensaryDetailHeaderView.xib; sourceTree = "<group>"; };
		EE804DCE1F40200400F987CC /* DetailAttributeTableViewCell.swift */ = {isa = PBXFileReference; fileEncoding = 4; lastKnownFileType = sourcecode.swift; path = DetailAttributeTableViewCell.swift; sourceTree = "<group>"; };
		EE804DCF1F40200400F987CC /* DetailDescriptionCell.swift */ = {isa = PBXFileReference; fileEncoding = 4; lastKnownFileType = sourcecode.swift; path = DetailDescriptionCell.swift; sourceTree = "<group>"; };
		EE804DD01F40200400F987CC /* DetailOfferCell.swift */ = {isa = PBXFileReference; fileEncoding = 4; lastKnownFileType = sourcecode.swift; path = DetailOfferCell.swift; sourceTree = "<group>"; };
		EE804DD11F40200400F987CC /* DetailReviewCell.swift */ = {isa = PBXFileReference; fileEncoding = 4; lastKnownFileType = sourcecode.swift; path = DetailReviewCell.swift; sourceTree = "<group>"; };
		EE804DD21F40200400F987CC /* DetailTitleCell.swift */ = {isa = PBXFileReference; fileEncoding = 4; lastKnownFileType = sourcecode.swift; path = DetailTitleCell.swift; sourceTree = "<group>"; };
		EE804DD31F40200400F987CC /* DispensaryDetailPhotoCell.swift */ = {isa = PBXFileReference; fileEncoding = 4; lastKnownFileType = sourcecode.swift; path = DispensaryDetailPhotoCell.swift; sourceTree = "<group>"; };
		EE804DD41F40200400F987CC /* DispensaryMenuCell.swift */ = {isa = PBXFileReference; fileEncoding = 4; lastKnownFileType = sourcecode.swift; path = DispensaryMenuCell.swift; sourceTree = "<group>"; };
		EE804DDD1F40203500F987CC /* DrawerDetailCell.swift */ = {isa = PBXFileReference; fileEncoding = 4; lastKnownFileType = sourcecode.swift; path = DrawerDetailCell.swift; sourceTree = "<group>"; };
		EE804DE01F40205500F987CC /* DispensaryMenuController.swift */ = {isa = PBXFileReference; fileEncoding = 4; lastKnownFileType = sourcecode.swift; path = DispensaryMenuController.swift; sourceTree = "<group>"; };
		EE804DE11F40205500F987CC /* ViewController.swift */ = {isa = PBXFileReference; fileEncoding = 4; lastKnownFileType = sourcecode.swift; path = ViewController.swift; sourceTree = "<group>"; };
		EE804DE51F40209C00F987CC /* ClsAbout.swift */ = {isa = PBXFileReference; fileEncoding = 4; lastKnownFileType = sourcecode.swift; path = ClsAbout.swift; sourceTree = "<group>"; };
		EE804DE61F40209C00F987CC /* ClsDetail.swift */ = {isa = PBXFileReference; fileEncoding = 4; lastKnownFileType = sourcecode.swift; path = ClsDetail.swift; sourceTree = "<group>"; };
		EE804DE71F40209C00F987CC /* ClsDispensaryDetailAttribute.swift */ = {isa = PBXFileReference; fileEncoding = 4; lastKnownFileType = sourcecode.swift; path = ClsDispensaryDetailAttribute.swift; sourceTree = "<group>"; };
		EE804DE81F40209C00F987CC /* ClsDispensaryItem.swift */ = {isa = PBXFileReference; fileEncoding = 4; lastKnownFileType = sourcecode.swift; path = ClsDispensaryItem.swift; sourceTree = "<group>"; };
		EE804DE91F40209C00F987CC /* ClsDispensaryMenu.swift */ = {isa = PBXFileReference; fileEncoding = 4; lastKnownFileType = sourcecode.swift; path = ClsDispensaryMenu.swift; sourceTree = "<group>"; };
		EE804DEA1F40209C00F987CC /* ClsHours.swift */ = {isa = PBXFileReference; fileEncoding = 4; lastKnownFileType = sourcecode.swift; path = ClsHours.swift; sourceTree = "<group>"; };
		EE804DEB1F40209C00F987CC /* ClsOffer.swift */ = {isa = PBXFileReference; fileEncoding = 4; lastKnownFileType = sourcecode.swift; path = ClsOffer.swift; sourceTree = "<group>"; };
		EE804DEC1F40209C00F987CC /* ClsPhotoDetails.swift */ = {isa = PBXFileReference; fileEncoding = 4; lastKnownFileType = sourcecode.swift; path = ClsPhotoDetails.swift; sourceTree = "<group>"; };
		EE804DED1F40209C00F987CC /* ClsReview.swift */ = {isa = PBXFileReference; fileEncoding = 4; lastKnownFileType = sourcecode.swift; path = ClsReview.swift; sourceTree = "<group>"; };
		EE804DFE1F40210200F987CC /* PlaceAnnotationView.swift */ = {isa = PBXFileReference; fileEncoding = 4; lastKnownFileType = sourcecode.swift; path = PlaceAnnotationView.swift; sourceTree = "<group>"; };
		EE804DFF1F40210200F987CC /* PlaceAnnotationView.xib */ = {isa = PBXFileReference; fileEncoding = 4; lastKnownFileType = file.xib; path = PlaceAnnotationView.xib; sourceTree = "<group>"; };
		EE804E011F40210200F987CC /* HDDrawerView.swift */ = {isa = PBXFileReference; fileEncoding = 4; lastKnownFileType = sourcecode.swift; path = HDDrawerView.swift; sourceTree = "<group>"; };
		EE82770D1F23868F006CB38E /* Wikileaf.app */ = {isa = PBXFileReference; explicitFileType = wrapper.application; includeInIndex = 0; path = Wikileaf.app; sourceTree = BUILT_PRODUCTS_DIR; };
		EE8277101F23868F006CB38E /* AppDelegate.swift */ = {isa = PBXFileReference; lastKnownFileType = sourcecode.swift; path = AppDelegate.swift; sourceTree = "<group>"; };
		EE8277151F23868F006CB38E /* Base */ = {isa = PBXFileReference; lastKnownFileType = file.storyboard; name = Base; path = Base.lproj/Main.storyboard; sourceTree = "<group>"; };
		EE8277171F23868F006CB38E /* Assets.xcassets */ = {isa = PBXFileReference; lastKnownFileType = folder.assetcatalog; path = Assets.xcassets; sourceTree = "<group>"; };
		EE82771A1F23868F006CB38E /* Base */ = {isa = PBXFileReference; lastKnownFileType = file.storyboard; name = Base; path = Base.lproj/LaunchScreen.storyboard; sourceTree = "<group>"; };
		EE82771C1F23868F006CB38E /* Info.plist */ = {isa = PBXFileReference; lastKnownFileType = text.plist.xml; path = Info.plist; sourceTree = "<group>"; };
		EE8277211F23868F006CB38E /* WikileafTests.xctest */ = {isa = PBXFileReference; explicitFileType = wrapper.cfbundle; includeInIndex = 0; path = WikileafTests.xctest; sourceTree = BUILT_PRODUCTS_DIR; };
		EE8277251F23868F006CB38E /* WikileafTests.swift */ = {isa = PBXFileReference; lastKnownFileType = sourcecode.swift; path = WikileafTests.swift; sourceTree = "<group>"; };
		EE8277271F23868F006CB38E /* Info.plist */ = {isa = PBXFileReference; lastKnownFileType = text.plist.xml; path = Info.plist; sourceTree = "<group>"; };
		EE82772C1F23868F006CB38E /* WikileafUITests.xctest */ = {isa = PBXFileReference; explicitFileType = wrapper.cfbundle; includeInIndex = 0; path = WikileafUITests.xctest; sourceTree = BUILT_PRODUCTS_DIR; };
		EE8277301F23868F006CB38E /* WikileafUITests.swift */ = {isa = PBXFileReference; lastKnownFileType = sourcecode.swift; path = WikileafUITests.swift; sourceTree = "<group>"; };
		EE8277321F23868F006CB38E /* Info.plist */ = {isa = PBXFileReference; lastKnownFileType = text.plist.xml; path = Info.plist; sourceTree = "<group>"; };
		EE8277461F291441006CB38E /* MapKit.framework */ = {isa = PBXFileReference; lastKnownFileType = wrapper.framework; name = MapKit.framework; path = System/Library/Frameworks/MapKit.framework; sourceTree = SDKROOT; };
		EE8FFC881F5620CD00EF7578 /* DispensaryListViewController.swift */ = {isa = PBXFileReference; fileEncoding = 4; lastKnownFileType = sourcecode.swift; path = DispensaryListViewController.swift; sourceTree = "<group>"; };
		EE8FFC8A1F5634C900EF7578 /* GlobalSearchViewController.swift */ = {isa = PBXFileReference; fileEncoding = 4; lastKnownFileType = sourcecode.swift; path = GlobalSearchViewController.swift; sourceTree = "<group>"; };
		EE8FFC8C1F57B10400EF7578 /* StrainDeatilViewController.swift */ = {isa = PBXFileReference; fileEncoding = 4; lastKnownFileType = sourcecode.swift; path = StrainDeatilViewController.swift; sourceTree = "<group>"; };
		EE8FFC8E1F57B4A700EF7578 /* StrainDetailHeaderView.swift */ = {isa = PBXFileReference; fileEncoding = 4; lastKnownFileType = sourcecode.swift; path = StrainDetailHeaderView.swift; sourceTree = "<group>"; };
		EE8FFC901F57B4B800EF7578 /* StrainDetailHeaderView.xib */ = {isa = PBXFileReference; fileEncoding = 4; lastKnownFileType = file.xib; path = StrainDetailHeaderView.xib; sourceTree = "<group>"; };
		EE8FFC921F57BB6A00EF7578 /* StrainGraphView.xib */ = {isa = PBXFileReference; fileEncoding = 4; lastKnownFileType = file.xib; path = StrainGraphView.xib; sourceTree = "<group>"; };
		EE8FFC941F57BB7500EF7578 /* StrainGraphView.swift */ = {isa = PBXFileReference; fileEncoding = 4; lastKnownFileType = sourcecode.swift; path = StrainGraphView.swift; sourceTree = "<group>"; };
		EE8FFC961F57C95500EF7578 /* StrainGraphCell.swift */ = {isa = PBXFileReference; fileEncoding = 4; lastKnownFileType = sourcecode.swift; path = StrainGraphCell.swift; sourceTree = "<group>"; };
		EE92F9891F47DF5000ABAAAF /* DrawerViewController.swift */ = {isa = PBXFileReference; fileEncoding = 4; lastKnownFileType = sourcecode.swift; path = DrawerViewController.swift; sourceTree = "<group>"; };
		EE92F98C1F47EA4500ABAAAF /* DispensaryMenuHeaderView.swift */ = {isa = PBXFileReference; fileEncoding = 4; lastKnownFileType = sourcecode.swift; path = DispensaryMenuHeaderView.swift; sourceTree = "<group>"; };
		EE92F98D1F47EA4500ABAAAF /* DispensaryMenuHeaderView.xib */ = {isa = PBXFileReference; fileEncoding = 4; lastKnownFileType = file.xib; path = DispensaryMenuHeaderView.xib; sourceTree = "<group>"; };
		EE9D4DFA1F89D06400EF207C /* DispensaryDetailView1.storyboard */ = {isa = PBXFileReference; lastKnownFileType = file.storyboard; path = DispensaryDetailView1.storyboard; sourceTree = "<group>"; };
		EE9D4DFC1F89D7BD00EF207C /* DispensaryDetailView.storyboard */ = {isa = PBXFileReference; lastKnownFileType = file.storyboard; path = DispensaryDetailView.storyboard; sourceTree = "<group>"; };
		EEDE50A51F5913CB009088A6 /* StrainCommonUsageCell.swift */ = {isa = PBXFileReference; fileEncoding = 4; lastKnownFileType = sourcecode.swift; path = StrainCommonUsageCell.swift; sourceTree = "<group>"; };
		EEDE50A71F591607009088A6 /* ClsStrainUsage.swift */ = {isa = PBXFileReference; fileEncoding = 4; lastKnownFileType = sourcecode.swift; path = ClsStrainUsage.swift; sourceTree = "<group>"; };
/* End PBXFileReference section */

/* Begin PBXFrameworksBuildPhase section */
		EE82770A1F23868F006CB38E /* Frameworks */ = {
			isa = PBXFrameworksBuildPhase;
			buildActionMask = 2147483647;
			files = (
				EE8277471F291441006CB38E /* MapKit.framework in Frameworks */,
				13A3E4C83E362A85D5E8D9C8 /* Pods_Wikileaf.framework in Frameworks */,
			);
			runOnlyForDeploymentPostprocessing = 0;
		};
		EE82771E1F23868F006CB38E /* Frameworks */ = {
			isa = PBXFrameworksBuildPhase;
			buildActionMask = 2147483647;
			files = (
			);
			runOnlyForDeploymentPostprocessing = 0;
		};
		EE8277291F23868F006CB38E /* Frameworks */ = {
			isa = PBXFrameworksBuildPhase;
			buildActionMask = 2147483647;
			files = (
			);
			runOnlyForDeploymentPostprocessing = 0;
		};
/* End PBXFrameworksBuildPhase section */

/* Begin PBXGroup section */
		7DA4A26869A355973C2643C6 /* Frameworks */ = {
			isa = PBXGroup;
			children = (
				EE8277461F291441006CB38E /* MapKit.framework */,
				4A27DE4F8BA96C8D99F9DAFC /* Pods_Wikileaf.framework */,
			);
			name = Frameworks;
			sourceTree = "<group>";
		};
		921DAB9198E9D6C8402BFF4F /* Pods */ = {
			isa = PBXGroup;
			children = (
				A412D66BF6FF977FC36F1B86 /* Pods-Wikileaf.debug.xcconfig */,
				462CE65F133BDA326D9E98EF /* Pods-Wikileaf.release.xcconfig */,
			);
			name = Pods;
			sourceTree = "<group>";
		};
		EE1AA1621F4991F900B960E6 /* ExternalLibraries */ = {
			isa = PBXGroup;
			children = (
			);
			path = ExternalLibraries;
			sourceTree = "<group>";
		};
		EE1AA1891F4993A800B960E6 /* RatingController */ = {
			isa = PBXGroup;
			children = (
				EE1AA18C1F4993B600B960E6 /* RatingListViewController.swift */,
				EE1AA18E1F4A3E6A00B960E6 /* RatingOverviewCell.swift */,
				EE1AA1901F4A85BB00B960E6 /* RatingsRootViewController.swift */,
			);
			path = RatingController;
			sourceTree = "<group>";
		};
		EE3F74D31F30183F009AFE4A /* Resources */ = {
			isa = PBXGroup;
			children = (
				EE3F74D41F30183F009AFE4A /* Font */,
			);
			path = Resources;
			sourceTree = "<group>";
		};
		EE3F74D41F30183F009AFE4A /* Font */ = {
			isa = PBXGroup;
			children = (
				EE3F74D51F30183F009AFE4A /* OpenSans-Bold.ttf */,
				EE3F74D61F30183F009AFE4A /* OpenSans-BoldItalic.ttf */,
				EE3F74D71F30183F009AFE4A /* OpenSans-ExtraBold.ttf */,
				EE3F74D81F30183F009AFE4A /* OpenSans-ExtraBoldItalic.ttf */,
				EE3F74D91F30183F009AFE4A /* OpenSans-Italic.ttf */,
				EE3F74DA1F30183F009AFE4A /* OpenSans-Light.ttf */,
				EE3F74DB1F30183F009AFE4A /* OpenSans-LightItalic.ttf */,
				EE3F74DC1F30183F009AFE4A /* OpenSans-Regular.ttf */,
				EE3F74DD1F30183F009AFE4A /* OpenSans-SemiBold.ttf */,
				EE3F74DE1F30183F009AFE4A /* OpenSans-SemiBoldItalic.ttf */,
			);
			path = Font;
			sourceTree = "<group>";
		};
		EE5E2BA81F8C62A900C81740 /* DispensaryDetailHeaderView */ = {
			isa = PBXGroup;
			children = (
				EE5E2BAD1F8C6B6100C81740 /* DispensaryDetailHeaderViewNew.swift */,
				EE5E2BAF1F8C6B7300C81740 /* DispensaryDetailHeaderViewNew.xib */,
			);
			path = DispensaryDetailHeaderView;
			sourceTree = "<group>";
		};
		EE731E791F560DBA005019D8 /* DispensaryDetailView */ = {
			isa = PBXGroup;
			children = (
				EE731E7A1F560DC9005019D8 /* DispensaryDetailView.swift */,
				EE731E7C1F560DD5005019D8 /* DispensaryDetailView.xib */,
			);
			path = DispensaryDetailView;
			sourceTree = "<group>";
		};
		EE804DC71F401F3100F987CC /* FlexibleHeader */ = {
			isa = PBXGroup;
			children = (
				EE804DC81F401F5700F987CC /* DispensaryDetailHeaderView.swift */,
				EE804DC91F401F5700F987CC /* DispensaryDetailHeaderView.xib */,
				EE8FFC8E1F57B4A700EF7578 /* StrainDetailHeaderView.swift */,
				EE8FFC901F57B4B800EF7578 /* StrainDetailHeaderView.xib */,
			);
			path = FlexibleHeader;
			sourceTree = "<group>";
		};
		EE804DCC1F40200400F987CC /* Controllers */ = {
			isa = PBXGroup;
			children = (
				EE56B4831F4FDDAE006E1B83 /* PhotoGalleryViewController.swift */,
				EE1AA1891F4993A800B960E6 /* RatingController */,
				EE92F9891F47DF5000ABAAAF /* DrawerViewController.swift */,
				EE804DE01F40205500F987CC /* DispensaryMenuController.swift */,
				EE804DE11F40205500F987CC /* ViewController.swift */,
				EE56B4781F4F9A78006E1B83 /* DealsViewController.swift */,
				EE56B4891F4FE772006E1B83 /* AboutViewController.swift */,
				EE8FFC881F5620CD00EF7578 /* DispensaryListViewController.swift */,
				EE8FFC8A1F5634C900EF7578 /* GlobalSearchViewController.swift */,
				EE8FFC8C1F57B10400EF7578 /* StrainDeatilViewController.swift */,
				EE5E2BA61F8C61EE00C81740 /* DispensaryDetailViewController.swift */,
			);
			path = Controllers;
			sourceTree = "<group>";
		};
		EE804DCD1F40200400F987CC /* CustomCells */ = {
			isa = PBXGroup;
			children = (
				EE56B4871F4FDEB8006E1B83 /* PhotoGalleryCell.swift */,
				EE804DDD1F40203500F987CC /* DrawerDetailCell.swift */,
				EE804DCE1F40200400F987CC /* DetailAttributeTableViewCell.swift */,
				EE804DCF1F40200400F987CC /* DetailDescriptionCell.swift */,
				EE804DD01F40200400F987CC /* DetailOfferCell.swift */,
				EE804DD11F40200400F987CC /* DetailReviewCell.swift */,
				EE804DD21F40200400F987CC /* DetailTitleCell.swift */,
				EE804DD31F40200400F987CC /* DispensaryDetailPhotoCell.swift */,
				EE804DD41F40200400F987CC /* DispensaryMenuCell.swift */,
				EE8FFC961F57C95500EF7578 /* StrainGraphCell.swift */,
				EEDE50A51F5913CB009088A6 /* StrainCommonUsageCell.swift */,
				EE25385A1F6061D2004DF6F5 /* WriteReviewCell.swift */,
			);
			path = CustomCells;
			sourceTree = "<group>";
		};
		EE804DDC1F40201400F987CC /* Model Class */ = {
			isa = PBXGroup;
			children = (
				EE56B4851F4FDE1F006E1B83 /* ClsPhoto.swift */,
				EE804DE51F40209C00F987CC /* ClsAbout.swift */,
				EE804DE61F40209C00F987CC /* ClsDetail.swift */,
				EE804DE71F40209C00F987CC /* ClsDispensaryDetailAttribute.swift */,
				EE804DE81F40209C00F987CC /* ClsDispensaryItem.swift */,
				EE804DE91F40209C00F987CC /* ClsDispensaryMenu.swift */,
				EE804DEA1F40209C00F987CC /* ClsHours.swift */,
				EE804DEB1F40209C00F987CC /* ClsOffer.swift */,
				EE804DEC1F40209C00F987CC /* ClsPhotoDetails.swift */,
				EE804DED1F40209C00F987CC /* ClsReview.swift */,
				EE56B47F1F4FC5C9006E1B83 /* ClsOfferSection.swift */,
				EEDE50A71F591607009088A6 /* ClsStrainUsage.swift */,
				EE25385C1F60628F004DF6F5 /* ClsOperation.swift */,
				EE5E2BAB1F8C634C00C81740 /* ClsMenu.swift */,
			);
			path = "Model Class";
			sourceTree = "<group>";
		};
		EE804DFC1F40210200F987CC /* CustomViews */ = {
			isa = PBXGroup;
			children = (
				EE5E2BA81F8C62A900C81740 /* DispensaryDetailHeaderView */,
				EE731E791F560DBA005019D8 /* DispensaryDetailView */,
				EE92F98B1F47EA4500ABAAAF /* DrawerView */,
				EE804DFD1F40210200F987CC /* AnnotationView */,
				EE804E001F40210200F987CC /* HDDrawerView */,
				EE8FFC921F57BB6A00EF7578 /* StrainGraphView.xib */,
				EE8FFC941F57BB7500EF7578 /* StrainGraphView.swift */,
			);
			path = CustomViews;
			sourceTree = "<group>";
		};
		EE804DFD1F40210200F987CC /* AnnotationView */ = {
			isa = PBXGroup;
			children = (
				EE804DFE1F40210200F987CC /* PlaceAnnotationView.swift */,
				EE804DFF1F40210200F987CC /* PlaceAnnotationView.xib */,
			);
			path = AnnotationView;
			sourceTree = "<group>";
		};
		EE804E001F40210200F987CC /* HDDrawerView */ = {
			isa = PBXGroup;
			children = (
				EE804E011F40210200F987CC /* HDDrawerView.swift */,
			);
			path = HDDrawerView;
			sourceTree = "<group>";
		};
		EE8277041F23868F006CB38E = {
			isa = PBXGroup;
			children = (
				EE82770F1F23868F006CB38E /* Wikileaf */,
				EE8277241F23868F006CB38E /* WikileafTests */,
				EE82772F1F23868F006CB38E /* WikileafUITests */,
				EE82770E1F23868F006CB38E /* Products */,
				921DAB9198E9D6C8402BFF4F /* Pods */,
				7DA4A26869A355973C2643C6 /* Frameworks */,
			);
			sourceTree = "<group>";
		};
		EE82770E1F23868F006CB38E /* Products */ = {
			isa = PBXGroup;
			children = (
				EE82770D1F23868F006CB38E /* Wikileaf.app */,
				EE8277211F23868F006CB38E /* WikileafTests.xctest */,
				EE82772C1F23868F006CB38E /* WikileafUITests.xctest */,
			);
			name = Products;
			sourceTree = "<group>";
		};
		EE82770F1F23868F006CB38E /* Wikileaf */ = {
			isa = PBXGroup;
			children = (
				EE1AA1621F4991F900B960E6 /* ExternalLibraries */,
				EE804DFC1F40210200F987CC /* CustomViews */,
				EE804DDC1F40201400F987CC /* Model Class */,
				EE804DCC1F40200400F987CC /* Controllers */,
				EE804DCD1F40200400F987CC /* CustomCells */,
				EE804DC71F401F3100F987CC /* FlexibleHeader */,
				EE3F74D31F30183F009AFE4A /* Resources */,
				EE8277101F23868F006CB38E /* AppDelegate.swift */,
				EE8277141F23868F006CB38E /* Main.storyboard */,
				EE8277171F23868F006CB38E /* Assets.xcassets */,
				EE8277191F23868F006CB38E /* LaunchScreen.storyboard */,
				EE82771C1F23868F006CB38E /* Info.plist */,
				EE56B4811F4FCC4B006E1B83 /* UIView+Extensions.swift */,
				EE9D4DFA1F89D06400EF207C /* DispensaryDetailView1.storyboard */,
				EE9D4DFC1F89D7BD00EF207C /* DispensaryDetailView.storyboard */,
			);
			path = Wikileaf;
			sourceTree = "<group>";
		};
		EE8277241F23868F006CB38E /* WikileafTests */ = {
			isa = PBXGroup;
			children = (
				EE8277251F23868F006CB38E /* WikileafTests.swift */,
				EE8277271F23868F006CB38E /* Info.plist */,
			);
			path = WikileafTests;
			sourceTree = "<group>";
		};
		EE82772F1F23868F006CB38E /* WikileafUITests */ = {
			isa = PBXGroup;
			children = (
				EE8277301F23868F006CB38E /* WikileafUITests.swift */,
				EE8277321F23868F006CB38E /* Info.plist */,
			);
			path = WikileafUITests;
			sourceTree = "<group>";
		};
		EE92F98B1F47EA4500ABAAAF /* DrawerView */ = {
			isa = PBXGroup;
			children = (
				EE92F98C1F47EA4500ABAAAF /* DispensaryMenuHeaderView.swift */,
				EE92F98D1F47EA4500ABAAAF /* DispensaryMenuHeaderView.xib */,
			);
			path = DrawerView;
			sourceTree = "<group>";
		};
/* End PBXGroup section */

/* Begin PBXNativeTarget section */
		EE82770C1F23868F006CB38E /* Wikileaf */ = {
			isa = PBXNativeTarget;
			buildConfigurationList = EE8277351F23868F006CB38E /* Build configuration list for PBXNativeTarget "Wikileaf" */;
			buildPhases = (
				D6902262B15169F8CE710097 /* [CP] Check Pods Manifest.lock */,
				EE8277091F23868F006CB38E /* Sources */,
				EE82770A1F23868F006CB38E /* Frameworks */,
				EE82770B1F23868F006CB38E /* Resources */,
				53B559C9A7A1672572126241 /* [CP] Embed Pods Frameworks */,
				A88F3D7B65545943CADE2F3C /* [CP] Copy Pods Resources */,
			);
			buildRules = (
			);
			dependencies = (
			);
			name = Wikileaf;
			productName = Wikileaf;
			productReference = EE82770D1F23868F006CB38E /* Wikileaf.app */;
			productType = "com.apple.product-type.application";
		};
		EE8277201F23868F006CB38E /* WikileafTests */ = {
			isa = PBXNativeTarget;
			buildConfigurationList = EE8277381F23868F006CB38E /* Build configuration list for PBXNativeTarget "WikileafTests" */;
			buildPhases = (
				EE82771D1F23868F006CB38E /* Sources */,
				EE82771E1F23868F006CB38E /* Frameworks */,
				EE82771F1F23868F006CB38E /* Resources */,
			);
			buildRules = (
			);
			dependencies = (
				EE8277231F23868F006CB38E /* PBXTargetDependency */,
			);
			name = WikileafTests;
			productName = WikileafTests;
			productReference = EE8277211F23868F006CB38E /* WikileafTests.xctest */;
			productType = "com.apple.product-type.bundle.unit-test";
		};
		EE82772B1F23868F006CB38E /* WikileafUITests */ = {
			isa = PBXNativeTarget;
			buildConfigurationList = EE82773B1F23868F006CB38E /* Build configuration list for PBXNativeTarget "WikileafUITests" */;
			buildPhases = (
				EE8277281F23868F006CB38E /* Sources */,
				EE8277291F23868F006CB38E /* Frameworks */,
				EE82772A1F23868F006CB38E /* Resources */,
			);
			buildRules = (
			);
			dependencies = (
				EE82772E1F23868F006CB38E /* PBXTargetDependency */,
			);
			name = WikileafUITests;
			productName = WikileafUITests;
			productReference = EE82772C1F23868F006CB38E /* WikileafUITests.xctest */;
			productType = "com.apple.product-type.bundle.ui-testing";
		};
/* End PBXNativeTarget section */

/* Begin PBXProject section */
		EE8277051F23868F006CB38E /* Project object */ = {
			isa = PBXProject;
			attributes = {
				LastSwiftUpdateCheck = 0830;
				LastUpgradeCheck = 0830;
				ORGANIZATIONNAME = ZestyGuys;
				TargetAttributes = {
					EE82770C1F23868F006CB38E = {
						CreatedOnToolsVersion = 8.3.3;
						DevelopmentTeam = RQMM6BWN96;
						ProvisioningStyle = Automatic;
					};
					EE8277201F23868F006CB38E = {
						CreatedOnToolsVersion = 8.3.3;
						DevelopmentTeam = 4MG29UU9R3;
						ProvisioningStyle = Automatic;
						TestTargetID = EE82770C1F23868F006CB38E;
					};
					EE82772B1F23868F006CB38E = {
						CreatedOnToolsVersion = 8.3.3;
						DevelopmentTeam = 4MG29UU9R3;
						ProvisioningStyle = Automatic;
						TestTargetID = EE82770C1F23868F006CB38E;
					};
				};
			};
			buildConfigurationList = EE8277081F23868F006CB38E /* Build configuration list for PBXProject "Wikileaf" */;
			compatibilityVersion = "Xcode 3.2";
			developmentRegion = English;
			hasScannedForEncodings = 0;
			knownRegions = (
				en,
				Base,
			);
			mainGroup = EE8277041F23868F006CB38E;
			productRefGroup = EE82770E1F23868F006CB38E /* Products */;
			projectDirPath = "";
			projectRoot = "";
			targets = (
				EE82770C1F23868F006CB38E /* Wikileaf */,
				EE8277201F23868F006CB38E /* WikileafTests */,
				EE82772B1F23868F006CB38E /* WikileafUITests */,
			);
		};
/* End PBXProject section */

/* Begin PBXResourcesBuildPhase section */
		EE82770B1F23868F006CB38E /* Resources */ = {
			isa = PBXResourcesBuildPhase;
			buildActionMask = 2147483647;
			files = (
				EE82771B1F23868F006CB38E /* LaunchScreen.storyboard in Resources */,
				EE804E031F40210200F987CC /* PlaceAnnotationView.xib in Resources */,
				EE8FFC931F57BB6A00EF7578 /* StrainGraphView.xib in Resources */,
				EE3F74E21F30183F009AFE4A /* OpenSans-ExtraBoldItalic.ttf in Resources */,
				EE3F74E71F30183F009AFE4A /* OpenSans-SemiBold.ttf in Resources */,
				EE9D4DFD1F89D7BD00EF207C /* DispensaryDetailView.storyboard in Resources */,
				EE804DCB1F401F5700F987CC /* DispensaryDetailHeaderView.xib in Resources */,
				EE3F74E51F30183F009AFE4A /* OpenSans-LightItalic.ttf in Resources */,
				EE3F74E31F30183F009AFE4A /* OpenSans-Italic.ttf in Resources */,
				EE8FFC911F57B4B800EF7578 /* StrainDetailHeaderView.xib in Resources */,
				EE731E7D1F560DD5005019D8 /* DispensaryDetailView.xib in Resources */,
				EE3F74DF1F30183F009AFE4A /* OpenSans-Bold.ttf in Resources */,
				EE92F98F1F47EA4500ABAAAF /* DispensaryMenuHeaderView.xib in Resources */,
				EE3F74E11F30183F009AFE4A /* OpenSans-ExtraBold.ttf in Resources */,
				EE3F74E01F30183F009AFE4A /* OpenSans-BoldItalic.ttf in Resources */,
				EE9D4DFB1F89D06400EF207C /* DispensaryDetailView1.storyboard in Resources */,
				EE3F74E81F30183F009AFE4A /* OpenSans-SemiBoldItalic.ttf in Resources */,
				EE8277181F23868F006CB38E /* Assets.xcassets in Resources */,
				EE8277161F23868F006CB38E /* Main.storyboard in Resources */,
				EE3F74E41F30183F009AFE4A /* OpenSans-Light.ttf in Resources */,
				EE3F74E61F30183F009AFE4A /* OpenSans-Regular.ttf in Resources */,
				EE5E2BB01F8C6B7300C81740 /* DispensaryDetailHeaderViewNew.xib in Resources */,
			);
			runOnlyForDeploymentPostprocessing = 0;
		};
		EE82771F1F23868F006CB38E /* Resources */ = {
			isa = PBXResourcesBuildPhase;
			buildActionMask = 2147483647;
			files = (
			);
			runOnlyForDeploymentPostprocessing = 0;
		};
		EE82772A1F23868F006CB38E /* Resources */ = {
			isa = PBXResourcesBuildPhase;
			buildActionMask = 2147483647;
			files = (
			);
			runOnlyForDeploymentPostprocessing = 0;
		};
/* End PBXResourcesBuildPhase section */

/* Begin PBXShellScriptBuildPhase section */
		53B559C9A7A1672572126241 /* [CP] Embed Pods Frameworks */ = {
			isa = PBXShellScriptBuildPhase;
			buildActionMask = 2147483647;
			files = (
			);
			inputPaths = (
				"${SRCROOT}/Pods/Target Support Files/Pods-Wikileaf/Pods-Wikileaf-frameworks.sh",
				"${BUILT_PRODUCTS_DIR}/Alamofire/Alamofire.framework",
				"${BUILT_PRODUCTS_DIR}/AlamofireImage/AlamofireImage.framework",
				"${BUILT_PRODUCTS_DIR}/AlamofireObjectMapper/AlamofireObjectMapper.framework",
				"${BUILT_PRODUCTS_DIR}/BLKFlexibleHeightBar/BLKFlexibleHeightBar.framework",
				"${BUILT_PRODUCTS_DIR}/DACircularProgress/DACircularProgress.framework",
				"${BUILT_PRODUCTS_DIR}/EXPhotoViewer/EXPhotoViewer.framework",
				"${BUILT_PRODUCTS_DIR}/GSKStretchyHeaderView/GSKStretchyHeaderView.framework",
				"${BUILT_PRODUCTS_DIR}/HCSStarRatingView/HCSStarRatingView.framework",
				"${BUILT_PRODUCTS_DIR}/HMSegmentedControl/HMSegmentedControl.framework",
				"${BUILT_PRODUCTS_DIR}/IDMPhotoBrowser/IDMPhotoBrowser.framework",
				"${BUILT_PRODUCTS_DIR}/MDFTextAccessibility/MDFTextAccessibility.framework",
				"${BUILT_PRODUCTS_DIR}/MXPagerView/MXPagerView.framework",
				"${BUILT_PRODUCTS_DIR}/MXParallaxHeader/MXParallaxHeader.framework",
				"${BUILT_PRODUCTS_DIR}/MXSegmentedPager/MXSegmentedPager.framework",
				"${BUILT_PRODUCTS_DIR}/MaterialComponents/MaterialComponents.framework",
				"${BUILT_PRODUCTS_DIR}/ObjectMapper/ObjectMapper.framework",
				"${BUILT_PRODUCTS_DIR}/SDWebImage/SDWebImage.framework",
				"${BUILT_PRODUCTS_DIR}/TTTAttributedLabel/TTTAttributedLabel.framework",
				"${BUILT_PRODUCTS_DIR}/TimeZoneLocate/TimeZoneLocate.framework",
				"${BUILT_PRODUCTS_DIR}/pop/pop.framework",
			);
			name = "[CP] Embed Pods Frameworks";
			outputPaths = (
				"${TARGET_BUILD_DIR}/${FRAMEWORKS_FOLDER_PATH}/Alamofire.framework",
				"${TARGET_BUILD_DIR}/${FRAMEWORKS_FOLDER_PATH}/AlamofireImage.framework",
				"${TARGET_BUILD_DIR}/${FRAMEWORKS_FOLDER_PATH}/AlamofireObjectMapper.framework",
				"${TARGET_BUILD_DIR}/${FRAMEWORKS_FOLDER_PATH}/BLKFlexibleHeightBar.framework",
				"${TARGET_BUILD_DIR}/${FRAMEWORKS_FOLDER_PATH}/DACircularProgress.framework",
				"${TARGET_BUILD_DIR}/${FRAMEWORKS_FOLDER_PATH}/EXPhotoViewer.framework",
				"${TARGET_BUILD_DIR}/${FRAMEWORKS_FOLDER_PATH}/GSKStretchyHeaderView.framework",
				"${TARGET_BUILD_DIR}/${FRAMEWORKS_FOLDER_PATH}/HCSStarRatingView.framework",
				"${TARGET_BUILD_DIR}/${FRAMEWORKS_FOLDER_PATH}/HMSegmentedControl.framework",
				"${TARGET_BUILD_DIR}/${FRAMEWORKS_FOLDER_PATH}/IDMPhotoBrowser.framework",
				"${TARGET_BUILD_DIR}/${FRAMEWORKS_FOLDER_PATH}/MDFTextAccessibility.framework",
				"${TARGET_BUILD_DIR}/${FRAMEWORKS_FOLDER_PATH}/MXPagerView.framework",
				"${TARGET_BUILD_DIR}/${FRAMEWORKS_FOLDER_PATH}/MXParallaxHeader.framework",
				"${TARGET_BUILD_DIR}/${FRAMEWORKS_FOLDER_PATH}/MXSegmentedPager.framework",
				"${TARGET_BUILD_DIR}/${FRAMEWORKS_FOLDER_PATH}/MaterialComponents.framework",
				"${TARGET_BUILD_DIR}/${FRAMEWORKS_FOLDER_PATH}/ObjectMapper.framework",
				"${TARGET_BUILD_DIR}/${FRAMEWORKS_FOLDER_PATH}/SDWebImage.framework",
				"${TARGET_BUILD_DIR}/${FRAMEWORKS_FOLDER_PATH}/TTTAttributedLabel.framework",
				"${TARGET_BUILD_DIR}/${FRAMEWORKS_FOLDER_PATH}/TimeZoneLocate.framework",
				"${TARGET_BUILD_DIR}/${FRAMEWORKS_FOLDER_PATH}/pop.framework",
			);
			runOnlyForDeploymentPostprocessing = 0;
			shellPath = /bin/sh;
			shellScript = "\"${SRCROOT}/Pods/Target Support Files/Pods-Wikileaf/Pods-Wikileaf-frameworks.sh\"\n";
			showEnvVarsInLog = 0;
		};
		A88F3D7B65545943CADE2F3C /* [CP] Copy Pods Resources */ = {
			isa = PBXShellScriptBuildPhase;
			buildActionMask = 2147483647;
			files = (
			);
			inputPaths = (
			);
			name = "[CP] Copy Pods Resources";
			outputPaths = (
			);
			runOnlyForDeploymentPostprocessing = 0;
			shellPath = /bin/sh;
			shellScript = "\"${SRCROOT}/Pods/Target Support Files/Pods-Wikileaf/Pods-Wikileaf-resources.sh\"\n";
			showEnvVarsInLog = 0;
		};
		D6902262B15169F8CE710097 /* [CP] Check Pods Manifest.lock */ = {
			isa = PBXShellScriptBuildPhase;
			buildActionMask = 2147483647;
			files = (
			);
			inputPaths = (
				"${PODS_PODFILE_DIR_PATH}/Podfile.lock",
				"${PODS_ROOT}/Manifest.lock",
			);
			name = "[CP] Check Pods Manifest.lock";
			outputPaths = (
				"$(DERIVED_FILE_DIR)/Pods-Wikileaf-checkManifestLockResult.txt",
			);
			runOnlyForDeploymentPostprocessing = 0;
			shellPath = /bin/sh;
			shellScript = "diff \"${PODS_PODFILE_DIR_PATH}/Podfile.lock\" \"${PODS_ROOT}/Manifest.lock\" > /dev/null\nif [ $? != 0 ] ; then\n    # print error to STDERR\n    echo \"error: The sandbox is not in sync with the Podfile.lock. Run 'pod install' or update your CocoaPods installation.\" >&2\n    exit 1\nfi\n# This output is used by Xcode 'outputs' to avoid re-running this script phase.\necho \"SUCCESS\" > \"${SCRIPT_OUTPUT_FILE_0}\"\n";
			showEnvVarsInLog = 0;
		};
/* End PBXShellScriptBuildPhase section */

/* Begin PBXSourcesBuildPhase section */
		EE8277091F23868F006CB38E /* Sources */ = {
			isa = PBXSourcesBuildPhase;
			buildActionMask = 2147483647;
			files = (
				EE92F98E1F47EA4500ABAAAF /* DispensaryMenuHeaderView.swift in Sources */,
				EE1AA1911F4A85BB00B960E6 /* RatingsRootViewController.swift in Sources */,
				EE56B4791F4F9A78006E1B83 /* DealsViewController.swift in Sources */,
				EE5E2BA71F8C61EE00C81740 /* DispensaryDetailViewController.swift in Sources */,
				EE56B4881F4FDEB8006E1B83 /* PhotoGalleryCell.swift in Sources */,
				EE8FFC951F57BB7500EF7578 /* StrainGraphView.swift in Sources */,
				EE804DF61F40209C00F987CC /* ClsReview.swift in Sources */,
				EE804DF21F40209C00F987CC /* ClsDispensaryMenu.swift in Sources */,
				EEDE50A61F5913CB009088A6 /* StrainCommonUsageCell.swift in Sources */,
				EE804DF51F40209C00F987CC /* ClsPhotoDetails.swift in Sources */,
				EE804DDA1F40200400F987CC /* DispensaryDetailPhotoCell.swift in Sources */,
				EE8FFC8D1F57B10400EF7578 /* StrainDeatilViewController.swift in Sources */,
				EE804DD51F40200400F987CC /* DetailAttributeTableViewCell.swift in Sources */,
				EE804DF01F40209C00F987CC /* ClsDispensaryDetailAttribute.swift in Sources */,
				EE804DCA1F401F5700F987CC /* DispensaryDetailHeaderView.swift in Sources */,
				EE804DE41F40205500F987CC /* ViewController.swift in Sources */,
				EE804E041F40210200F987CC /* HDDrawerView.swift in Sources */,
				EE804DF11F40209C00F987CC /* ClsDispensaryItem.swift in Sources */,
				EE804DD81F40200400F987CC /* DetailReviewCell.swift in Sources */,
				EE1AA18F1F4A3E6A00B960E6 /* RatingOverviewCell.swift in Sources */,
				EE8FFC8B1F5634C900EF7578 /* GlobalSearchViewController.swift in Sources */,
				EE92F98A1F47DF5000ABAAAF /* DrawerViewController.swift in Sources */,
				EE25385D1F60628F004DF6F5 /* ClsOperation.swift in Sources */,
				EE804DD61F40200400F987CC /* DetailDescriptionCell.swift in Sources */,
				EE804DD71F40200400F987CC /* DetailOfferCell.swift in Sources */,
				EE56B4861F4FDE1F006E1B83 /* ClsPhoto.swift in Sources */,
				EE5E2BAE1F8C6B6100C81740 /* DispensaryDetailHeaderViewNew.swift in Sources */,
				EE8277111F23868F006CB38E /* AppDelegate.swift in Sources */,
				EE8FFC8F1F57B4A700EF7578 /* StrainDetailHeaderView.swift in Sources */,
				EE56B4821F4FCC4B006E1B83 /* UIView+Extensions.swift in Sources */,
				EE804DDE1F40203500F987CC /* DrawerDetailCell.swift in Sources */,
				EE804DF31F40209C00F987CC /* ClsHours.swift in Sources */,
				EEDE50A81F591607009088A6 /* ClsStrainUsage.swift in Sources */,
				EE8FFC891F5620CD00EF7578 /* DispensaryListViewController.swift in Sources */,
				EE56B4841F4FDDAE006E1B83 /* PhotoGalleryViewController.swift in Sources */,
				EE25385B1F6061D2004DF6F5 /* WriteReviewCell.swift in Sources */,
				EE804DDB1F40200400F987CC /* DispensaryMenuCell.swift in Sources */,
				EE804E021F40210200F987CC /* PlaceAnnotationView.swift in Sources */,
				EE731E7B1F560DC9005019D8 /* DispensaryDetailView.swift in Sources */,
				EE56B4801F4FC5C9006E1B83 /* ClsOfferSection.swift in Sources */,
				EE1AA18D1F4993B600B960E6 /* RatingListViewController.swift in Sources */,
				EE804DEF1F40209C00F987CC /* ClsDetail.swift in Sources */,
				EE5E2BAC1F8C634C00C81740 /* ClsMenu.swift in Sources */,
				EE804DD91F40200400F987CC /* DetailTitleCell.swift in Sources */,
				EE804DEE1F40209C00F987CC /* ClsAbout.swift in Sources */,
				EE56B48A1F4FE772006E1B83 /* AboutViewController.swift in Sources */,
				EE804DE31F40205500F987CC /* DispensaryMenuController.swift in Sources */,
				EE804DF41F40209C00F987CC /* ClsOffer.swift in Sources */,
				EE8FFC971F57C95500EF7578 /* StrainGraphCell.swift in Sources */,
			);
			runOnlyForDeploymentPostprocessing = 0;
		};
		EE82771D1F23868F006CB38E /* Sources */ = {
			isa = PBXSourcesBuildPhase;
			buildActionMask = 2147483647;
			files = (
				EE8277261F23868F006CB38E /* WikileafTests.swift in Sources */,
			);
			runOnlyForDeploymentPostprocessing = 0;
		};
		EE8277281F23868F006CB38E /* Sources */ = {
			isa = PBXSourcesBuildPhase;
			buildActionMask = 2147483647;
			files = (
				EE8277311F23868F006CB38E /* WikileafUITests.swift in Sources */,
			);
			runOnlyForDeploymentPostprocessing = 0;
		};
/* End PBXSourcesBuildPhase section */

/* Begin PBXTargetDependency section */
		EE8277231F23868F006CB38E /* PBXTargetDependency */ = {
			isa = PBXTargetDependency;
			target = EE82770C1F23868F006CB38E /* Wikileaf */;
			targetProxy = EE8277221F23868F006CB38E /* PBXContainerItemProxy */;
		};
		EE82772E1F23868F006CB38E /* PBXTargetDependency */ = {
			isa = PBXTargetDependency;
			target = EE82770C1F23868F006CB38E /* Wikileaf */;
			targetProxy = EE82772D1F23868F006CB38E /* PBXContainerItemProxy */;
		};
/* End PBXTargetDependency section */

/* Begin PBXVariantGroup section */
		EE8277141F23868F006CB38E /* Main.storyboard */ = {
			isa = PBXVariantGroup;
			children = (
				EE8277151F23868F006CB38E /* Base */,
			);
			name = Main.storyboard;
			sourceTree = "<group>";
		};
		EE8277191F23868F006CB38E /* LaunchScreen.storyboard */ = {
			isa = PBXVariantGroup;
			children = (
				EE82771A1F23868F006CB38E /* Base */,
			);
			name = LaunchScreen.storyboard;
			sourceTree = "<group>";
		};
/* End PBXVariantGroup section */

/* Begin XCBuildConfiguration section */
		EE8277331F23868F006CB38E /* Debug */ = {
			isa = XCBuildConfiguration;
			buildSettings = {
				ALWAYS_SEARCH_USER_PATHS = NO;
				CLANG_ANALYZER_NONNULL = YES;
				CLANG_ANALYZER_NUMBER_OBJECT_CONVERSION = YES_AGGRESSIVE;
				CLANG_CXX_LANGUAGE_STANDARD = "gnu++0x";
				CLANG_CXX_LIBRARY = "libc++";
				CLANG_ENABLE_MODULES = YES;
				CLANG_ENABLE_OBJC_ARC = YES;
				CLANG_WARN_BOOL_CONVERSION = YES;
				CLANG_WARN_CONSTANT_CONVERSION = YES;
				CLANG_WARN_DIRECT_OBJC_ISA_USAGE = YES_ERROR;
				CLANG_WARN_DOCUMENTATION_COMMENTS = YES;
				CLANG_WARN_EMPTY_BODY = YES;
				CLANG_WARN_ENUM_CONVERSION = YES;
				CLANG_WARN_INFINITE_RECURSION = YES;
				CLANG_WARN_INT_CONVERSION = YES;
				CLANG_WARN_OBJC_ROOT_CLASS = YES_ERROR;
				CLANG_WARN_SUSPICIOUS_MOVE = YES;
				CLANG_WARN_UNREACHABLE_CODE = YES;
				CLANG_WARN__DUPLICATE_METHOD_MATCH = YES;
				"CODE_SIGN_IDENTITY[sdk=iphoneos*]" = "iPhone Developer";
				COPY_PHASE_STRIP = NO;
				DEBUG_INFORMATION_FORMAT = dwarf;
				ENABLE_STRICT_OBJC_MSGSEND = YES;
				ENABLE_TESTABILITY = YES;
				GCC_C_LANGUAGE_STANDARD = gnu99;
				GCC_DYNAMIC_NO_PIC = NO;
				GCC_NO_COMMON_BLOCKS = YES;
				GCC_OPTIMIZATION_LEVEL = 0;
				GCC_PREPROCESSOR_DEFINITIONS = (
					"DEBUG=1",
					"$(inherited)",
				);
				GCC_WARN_64_TO_32_BIT_CONVERSION = YES;
				GCC_WARN_ABOUT_RETURN_TYPE = YES_ERROR;
				GCC_WARN_UNDECLARED_SELECTOR = YES;
				GCC_WARN_UNINITIALIZED_AUTOS = YES_AGGRESSIVE;
				GCC_WARN_UNUSED_FUNCTION = YES;
				GCC_WARN_UNUSED_VARIABLE = YES;
				IPHONEOS_DEPLOYMENT_TARGET = 10.3;
				MTL_ENABLE_DEBUG_INFO = YES;
				ONLY_ACTIVE_ARCH = YES;
				SDKROOT = iphoneos;
				SWIFT_ACTIVE_COMPILATION_CONDITIONS = DEBUG;
				SWIFT_OPTIMIZATION_LEVEL = "-Onone";
				TARGETED_DEVICE_FAMILY = "1,2";
			};
			name = Debug;
		};
		EE8277341F23868F006CB38E /* Release */ = {
			isa = XCBuildConfiguration;
			buildSettings = {
				ALWAYS_SEARCH_USER_PATHS = NO;
				CLANG_ANALYZER_NONNULL = YES;
				CLANG_ANALYZER_NUMBER_OBJECT_CONVERSION = YES_AGGRESSIVE;
				CLANG_CXX_LANGUAGE_STANDARD = "gnu++0x";
				CLANG_CXX_LIBRARY = "libc++";
				CLANG_ENABLE_MODULES = YES;
				CLANG_ENABLE_OBJC_ARC = YES;
				CLANG_WARN_BOOL_CONVERSION = YES;
				CLANG_WARN_CONSTANT_CONVERSION = YES;
				CLANG_WARN_DIRECT_OBJC_ISA_USAGE = YES_ERROR;
				CLANG_WARN_DOCUMENTATION_COMMENTS = YES;
				CLANG_WARN_EMPTY_BODY = YES;
				CLANG_WARN_ENUM_CONVERSION = YES;
				CLANG_WARN_INFINITE_RECURSION = YES;
				CLANG_WARN_INT_CONVERSION = YES;
				CLANG_WARN_OBJC_ROOT_CLASS = YES_ERROR;
				CLANG_WARN_SUSPICIOUS_MOVE = YES;
				CLANG_WARN_UNREACHABLE_CODE = YES;
				CLANG_WARN__DUPLICATE_METHOD_MATCH = YES;
				"CODE_SIGN_IDENTITY[sdk=iphoneos*]" = "iPhone Developer";
				COPY_PHASE_STRIP = NO;
				DEBUG_INFORMATION_FORMAT = "dwarf-with-dsym";
				ENABLE_NS_ASSERTIONS = NO;
				ENABLE_STRICT_OBJC_MSGSEND = YES;
				GCC_C_LANGUAGE_STANDARD = gnu99;
				GCC_NO_COMMON_BLOCKS = YES;
				GCC_WARN_64_TO_32_BIT_CONVERSION = YES;
				GCC_WARN_ABOUT_RETURN_TYPE = YES_ERROR;
				GCC_WARN_UNDECLARED_SELECTOR = YES;
				GCC_WARN_UNINITIALIZED_AUTOS = YES_AGGRESSIVE;
				GCC_WARN_UNUSED_FUNCTION = YES;
				GCC_WARN_UNUSED_VARIABLE = YES;
				IPHONEOS_DEPLOYMENT_TARGET = 10.3;
				MTL_ENABLE_DEBUG_INFO = NO;
				SDKROOT = iphoneos;
				SWIFT_OPTIMIZATION_LEVEL = "-Owholemodule";
				TARGETED_DEVICE_FAMILY = "1,2";
				VALIDATE_PRODUCT = YES;
			};
			name = Release;
		};
		EE8277361F23868F006CB38E /* Debug */ = {
			isa = XCBuildConfiguration;
			baseConfigurationReference = A412D66BF6FF977FC36F1B86 /* Pods-Wikileaf.debug.xcconfig */;
			buildSettings = {
				ASSETCATALOG_COMPILER_APPICON_NAME = AppIcon;
				"CODE_SIGN_IDENTITY[sdk=iphoneos*]" = "iPhone Developer";
				DEVELOPMENT_TEAM = RQMM6BWN96;
				INFOPLIST_FILE = Wikileaf/Info.plist;
				LD_RUNPATH_SEARCH_PATHS = "$(inherited) @executable_path/Frameworks";
				PRODUCT_BUNDLE_IDENTIFIER = com.onewebservice.wikileaf;
				PRODUCT_NAME = "$(TARGET_NAME)";
				PROVISIONING_PROFILE_SPECIFIER = "";
				SWIFT_VERSION = 3.0;
			};
			name = Debug;
		};
		EE8277371F23868F006CB38E /* Release */ = {
			isa = XCBuildConfiguration;
			baseConfigurationReference = 462CE65F133BDA326D9E98EF /* Pods-Wikileaf.release.xcconfig */;
			buildSettings = {
				ASSETCATALOG_COMPILER_APPICON_NAME = AppIcon;
				"CODE_SIGN_IDENTITY[sdk=iphoneos*]" = "iPhone Developer";
				DEVELOPMENT_TEAM = RQMM6BWN96;
				INFOPLIST_FILE = Wikileaf/Info.plist;
				LD_RUNPATH_SEARCH_PATHS = "$(inherited) @executable_path/Frameworks";
				PRODUCT_BUNDLE_IDENTIFIER = com.onewebservice.wikileaf;
				PRODUCT_NAME = "$(TARGET_NAME)";
				PROVISIONING_PROFILE_SPECIFIER = "";
				SWIFT_VERSION = 3.0;
			};
			name = Release;
		};
		EE8277391F23868F006CB38E /* Debug */ = {
			isa = XCBuildConfiguration;
			buildSettings = {
				ALWAYS_EMBED_SWIFT_STANDARD_LIBRARIES = YES;
				BUNDLE_LOADER = "$(TEST_HOST)";
				DEVELOPMENT_TEAM = 4MG29UU9R3;
				INFOPLIST_FILE = WikileafTests/Info.plist;
				LD_RUNPATH_SEARCH_PATHS = "$(inherited) @executable_path/Frameworks @loader_path/Frameworks";
				PRODUCT_BUNDLE_IDENTIFIER = com.baggy.WikileafTests;
				PRODUCT_NAME = "$(TARGET_NAME)";
				SWIFT_VERSION = 3.0;
				TEST_HOST = "$(BUILT_PRODUCTS_DIR)/Wikileaf.app/Wikileaf";
			};
			name = Debug;
		};
		EE82773A1F23868F006CB38E /* Release */ = {
			isa = XCBuildConfiguration;
			buildSettings = {
				ALWAYS_EMBED_SWIFT_STANDARD_LIBRARIES = YES;
				BUNDLE_LOADER = "$(TEST_HOST)";
				DEVELOPMENT_TEAM = 4MG29UU9R3;
				INFOPLIST_FILE = WikileafTests/Info.plist;
				LD_RUNPATH_SEARCH_PATHS = "$(inherited) @executable_path/Frameworks @loader_path/Frameworks";
				PRODUCT_BUNDLE_IDENTIFIER = com.baggy.WikileafTests;
				PRODUCT_NAME = "$(TARGET_NAME)";
				SWIFT_VERSION = 3.0;
				TEST_HOST = "$(BUILT_PRODUCTS_DIR)/Wikileaf.app/Wikileaf";
			};
			name = Release;
		};
		EE82773C1F23868F006CB38E /* Debug */ = {
			isa = XCBuildConfiguration;
			buildSettings = {
				ALWAYS_EMBED_SWIFT_STANDARD_LIBRARIES = YES;
				DEVELOPMENT_TEAM = 4MG29UU9R3;
				INFOPLIST_FILE = WikileafUITests/Info.plist;
				LD_RUNPATH_SEARCH_PATHS = "$(inherited) @executable_path/Frameworks @loader_path/Frameworks";
				PRODUCT_BUNDLE_IDENTIFIER = com.baggy.WikileafUITests;
				PRODUCT_NAME = "$(TARGET_NAME)";
				SWIFT_VERSION = 3.0;
				TEST_TARGET_NAME = Wikileaf;
			};
			name = Debug;
		};
		EE82773D1F23868F006CB38E /* Release */ = {
			isa = XCBuildConfiguration;
			buildSettings = {
				ALWAYS_EMBED_SWIFT_STANDARD_LIBRARIES = YES;
				DEVELOPMENT_TEAM = 4MG29UU9R3;
				INFOPLIST_FILE = WikileafUITests/Info.plist;
				LD_RUNPATH_SEARCH_PATHS = "$(inherited) @executable_path/Frameworks @loader_path/Frameworks";
				PRODUCT_BUNDLE_IDENTIFIER = com.baggy.WikileafUITests;
				PRODUCT_NAME = "$(TARGET_NAME)";
				SWIFT_VERSION = 3.0;
				TEST_TARGET_NAME = Wikileaf;
			};
			name = Release;
		};
/* End XCBuildConfiguration section */

/* Begin XCConfigurationList section */
		EE8277081F23868F006CB38E /* Build configuration list for PBXProject "Wikileaf" */ = {
			isa = XCConfigurationList;
			buildConfigurations = (
				EE8277331F23868F006CB38E /* Debug */,
				EE8277341F23868F006CB38E /* Release */,
			);
			defaultConfigurationIsVisible = 0;
			defaultConfigurationName = Release;
		};
		EE8277351F23868F006CB38E /* Build configuration list for PBXNativeTarget "Wikileaf" */ = {
			isa = XCConfigurationList;
			buildConfigurations = (
				EE8277361F23868F006CB38E /* Debug */,
				EE8277371F23868F006CB38E /* Release */,
			);
			defaultConfigurationIsVisible = 0;
			defaultConfigurationName = Release;
		};
		EE8277381F23868F006CB38E /* Build configuration list for PBXNativeTarget "WikileafTests" */ = {
			isa = XCConfigurationList;
			buildConfigurations = (
				EE8277391F23868F006CB38E /* Debug */,
				EE82773A1F23868F006CB38E /* Release */,
			);
			defaultConfigurationIsVisible = 0;
			defaultConfigurationName = Release;
		};
		EE82773B1F23868F006CB38E /* Build configuration list for PBXNativeTarget "WikileafUITests" */ = {
			isa = XCConfigurationList;
			buildConfigurations = (
				EE82773C1F23868F006CB38E /* Debug */,
				EE82773D1F23868F006CB38E /* Release */,
			);
			defaultConfigurationIsVisible = 0;
			defaultConfigurationName = Release;
		};
/* End XCConfigurationList section */
	};
	rootObject = EE8277051F23868F006CB38E /* Project object */;
}
